// !$*UTF8*$!
{
	archiveVersion = 1;
	classes = {
	};
	objectVersion = 52;
	objects = {

/* Begin PBXBuildFile section */
		21D7121822C17DAD00D62E4E /* AppDelegate.swift in Sources */ = {isa = PBXBuildFile; fileRef = 21D7121722C17DAD00D62E4E /* AppDelegate.swift */; };
		21D7121A22C17DAD00D62E4E /* SceneDelegate.swift in Sources */ = {isa = PBXBuildFile; fileRef = 21D7121922C17DAD00D62E4E /* SceneDelegate.swift */; };
		21D7121C22C17DAD00D62E4E /* ViewController.swift in Sources */ = {isa = PBXBuildFile; fileRef = 21D7121B22C17DAD00D62E4E /* ViewController.swift */; };
		21D7121F22C17DAD00D62E4E /* Main.storyboard in Resources */ = {isa = PBXBuildFile; fileRef = 21D7121D22C17DAD00D62E4E /* Main.storyboard */; };
		21D7122122C17DAE00D62E4E /* Assets.xcassets in Resources */ = {isa = PBXBuildFile; fileRef = 21D7122022C17DAE00D62E4E /* Assets.xcassets */; };
		21D7122422C17DAE00D62E4E /* LaunchScreen.storyboard in Resources */ = {isa = PBXBuildFile; fileRef = 21D7122222C17DAE00D62E4E /* LaunchScreen.storyboard */; };
		21D7122F22C17DAF00D62E4E /* SampleTests.swift in Sources */ = {isa = PBXBuildFile; fileRef = 21D7122E22C17DAF00D62E4E /* SampleTests.swift */; };
		21D7125622C1830E00D62E4E /* TextAttributes in Frameworks */ = {isa = PBXBuildFile; productRef = 21D7125522C1830E00D62E4E /* TextAttributes */; };
		21D7125822C184D000D62E4E /* SwiftPackage in Frameworks */ = {isa = PBXBuildFile; productRef = 21D7125722C184D000D62E4E /* SwiftPackage */; };
		780CC11122F7284000C27BB5 /* DynamicFramework.xcframework in Frameworks */ = {isa = PBXBuildFile; fileRef = 213919DC22C2BCFE003EA06E /* DynamicFramework.xcframework */; };
		780CC11222F7284000C27BB5 /* DynamicFramework.xcframework in CopyFiles */ = {isa = PBXBuildFile; fileRef = 213919DC22C2BCFE003EA06E /* DynamicFramework.xcframework */; settings = {ATTRIBUTES = (CodeSignOnCopy, ); }; };
		A301C5BA22FA3F2200CB0241 /* StaticLibrary.xcframework in Frameworks */ = {isa = PBXBuildFile; fileRef = 21EB00DA22E4671C00AD9B3F /* StaticLibrary.xcframework */; };
		A301C5BB22FA3F2200CB0241 /* StaticLibrary.xcframework in CopyFiles */ = {isa = PBXBuildFile; fileRef = 21EB00DA22E4671C00AD9B3F /* StaticLibrary.xcframework */; settings = {ATTRIBUTES = (CodeSignOnCopy, ); }; };
/* End PBXBuildFile section */

/* Begin PBXContainerItemProxy section */
		21D7122B22C17DAE00D62E4E /* PBXContainerItemProxy */ = {
			isa = PBXContainerItemProxy;
			containerPortal = 21D7120C22C17DAD00D62E4E /* Project object */;
			proxyType = 1;
			remoteGlobalIDString = 21D7121322C17DAD00D62E4E;
			remoteInfo = Sample;
		};
/* End PBXContainerItemProxy section */

/* Begin PBXCopyFilesBuildPhase section */
		21D7124422C17EFE00D62E4E /* CopyFiles */ = {
			isa = PBXCopyFilesBuildPhase;
			buildActionMask = 2147483647;
			dstPath = "";
			dstSubfolderSpec = 10;
			files = (
				780CC11222F7284000C27BB5 /* DynamicFramework.xcframework in CopyFiles */,
				A301C5BB22FA3F2200CB0241 /* StaticLibrary.xcframework in CopyFiles */,
			);
			runOnlyForDeploymentPostprocessing = 0;
		};
/* End PBXCopyFilesBuildPhase section */

/* Begin PBXFileReference section */
		213919DC22C2BCFE003EA06E /* DynamicFramework.xcframework */ = {isa = PBXFileReference; lastKnownFileType = wrapper.xcframework; name = DynamicFramework.xcframework; path = ../../Products/xcframeworks/DynamicFramework.xcframework; sourceTree = "<group>"; };
		21D7121422C17DAD00D62E4E /* Sample.app */ = {isa = PBXFileReference; explicitFileType = wrapper.application; includeInIndex = 0; path = Sample.app; sourceTree = BUILT_PRODUCTS_DIR; };
		21D7121722C17DAD00D62E4E /* AppDelegate.swift */ = {isa = PBXFileReference; lastKnownFileType = sourcecode.swift; path = AppDelegate.swift; sourceTree = "<group>"; };
		21D7121922C17DAD00D62E4E /* SceneDelegate.swift */ = {isa = PBXFileReference; lastKnownFileType = sourcecode.swift; path = SceneDelegate.swift; sourceTree = "<group>"; };
		21D7121B22C17DAD00D62E4E /* ViewController.swift */ = {isa = PBXFileReference; lastKnownFileType = sourcecode.swift; path = ViewController.swift; sourceTree = "<group>"; };
		21D7121E22C17DAD00D62E4E /* Base */ = {isa = PBXFileReference; lastKnownFileType = file.storyboard; name = Base; path = Base.lproj/Main.storyboard; sourceTree = "<group>"; };
		21D7122022C17DAE00D62E4E /* Assets.xcassets */ = {isa = PBXFileReference; lastKnownFileType = folder.assetcatalog; path = Assets.xcassets; sourceTree = "<group>"; };
		21D7122322C17DAE00D62E4E /* Base */ = {isa = PBXFileReference; lastKnownFileType = file.storyboard; name = Base; path = Base.lproj/LaunchScreen.storyboard; sourceTree = "<group>"; };
		21D7122522C17DAE00D62E4E /* Info.plist */ = {isa = PBXFileReference; lastKnownFileType = text.plist.xml; path = Info.plist; sourceTree = "<group>"; };
		21D7122A22C17DAE00D62E4E /* SampleTests.xctest */ = {isa = PBXFileReference; explicitFileType = wrapper.cfbundle; includeInIndex = 0; path = SampleTests.xctest; sourceTree = BUILT_PRODUCTS_DIR; };
		21D7122E22C17DAF00D62E4E /* SampleTests.swift */ = {isa = PBXFileReference; lastKnownFileType = sourcecode.swift; path = SampleTests.swift; sourceTree = "<group>"; };
		21D7123022C17DAF00D62E4E /* Info.plist */ = {isa = PBXFileReference; lastKnownFileType = text.plist.xml; path = Info.plist; sourceTree = "<group>"; };
		21D7125322C1823B00D62E4E /* SwiftPackage */ = {isa = PBXFileReference; lastKnownFileType = folder; path = SwiftPackage; sourceTree = "<group>"; };
		21EB00D922E45FDC00AD9B3F /* XCFrameworks.xcconfig */ = {isa = PBXFileReference; lastKnownFileType = text.xcconfig; name = XCFrameworks.xcconfig; path = ../XCFrameworks.xcconfig; sourceTree = "<group>"; };
		21EB00DA22E4671C00AD9B3F /* StaticLibrary.xcframework */ = {isa = PBXFileReference; lastKnownFileType = wrapper.xcframework; name = StaticLibrary.xcframework; path = ../../Products/xcframeworks/StaticLibrary.xcframework; sourceTree = "<group>"; };
/* End PBXFileReference section */

/* Begin PBXFrameworksBuildPhase section */
		21D7121122C17DAD00D62E4E /* Frameworks */ = {
			isa = PBXFrameworksBuildPhase;
			buildActionMask = 2147483647;
			files = (
				21D7125822C184D000D62E4E /* SwiftPackage in Frameworks */,
				A301C5BA22FA3F2200CB0241 /* StaticLibrary.xcframework in Frameworks */,
				780CC11122F7284000C27BB5 /* DynamicFramework.xcframework in Frameworks */,
				21D7125622C1830E00D62E4E /* TextAttributes in Frameworks */,
			);
			runOnlyForDeploymentPostprocessing = 0;
		};
		21D7122722C17DAE00D62E4E /* Frameworks */ = {
			isa = PBXFrameworksBuildPhase;
			buildActionMask = 2147483647;
			files = (
			);
			runOnlyForDeploymentPostprocessing = 0;
		};
/* End PBXFrameworksBuildPhase section */

/* Begin PBXGroup section */
		21D7120B22C17DAD00D62E4E = {
			isa = PBXGroup;
			children = (
				21EB00D922E45FDC00AD9B3F /* XCFrameworks.xcconfig */,
				21D7124822C1811C00D62E4E /* Frameworks */,
				21D7121622C17DAD00D62E4E /* Sample */,
				21D7122D22C17DAF00D62E4E /* SampleTests */,
				21D7121522C17DAD00D62E4E /* Products */,
			);
			sourceTree = "<group>";
		};
		21D7121522C17DAD00D62E4E /* Products */ = {
			isa = PBXGroup;
			children = (
				21D7121422C17DAD00D62E4E /* Sample.app */,
				21D7122A22C17DAE00D62E4E /* SampleTests.xctest */,
			);
			name = Products;
			sourceTree = "<group>";
		};
		21D7121622C17DAD00D62E4E /* Sample */ = {
			isa = PBXGroup;
			children = (
				21D7121722C17DAD00D62E4E /* AppDelegate.swift */,
				21D7121922C17DAD00D62E4E /* SceneDelegate.swift */,
				21D7121B22C17DAD00D62E4E /* ViewController.swift */,
				21D7121D22C17DAD00D62E4E /* Main.storyboard */,
				21D7122022C17DAE00D62E4E /* Assets.xcassets */,
				21D7122222C17DAE00D62E4E /* LaunchScreen.storyboard */,
				21D7122522C17DAE00D62E4E /* Info.plist */,
			);
			path = Sample;
			sourceTree = "<group>";
		};
		21D7122D22C17DAF00D62E4E /* SampleTests */ = {
			isa = PBXGroup;
			children = (
				21D7122E22C17DAF00D62E4E /* SampleTests.swift */,
				21D7123022C17DAF00D62E4E /* Info.plist */,
			);
			path = SampleTests;
			sourceTree = "<group>";
		};
		21D7124822C1811C00D62E4E /* Frameworks */ = {
			isa = PBXGroup;
			children = (
				21EB00DA22E4671C00AD9B3F /* StaticLibrary.xcframework */,
				213919DC22C2BCFE003EA06E /* DynamicFramework.xcframework */,
				21D7125322C1823B00D62E4E /* SwiftPackage */,
			);
			path = Frameworks;
			sourceTree = "<group>";
		};
/* End PBXGroup section */

/* Begin PBXNativeTarget section */
		21D7121322C17DAD00D62E4E /* Sample */ = {
			isa = PBXNativeTarget;
			buildConfigurationList = 21D7123322C17DAF00D62E4E /* Build configuration list for PBXNativeTarget "Sample" */;
			buildPhases = (
				21D7121022C17DAD00D62E4E /* Sources */,
				21D7121122C17DAD00D62E4E /* Frameworks */,
				21D7121222C17DAD00D62E4E /* Resources */,
				21D7124422C17EFE00D62E4E /* CopyFiles */,
			);
			buildRules = (
			);
			dependencies = (
			);
			name = Sample;
			packageProductDependencies = (
				21D7125522C1830E00D62E4E /* TextAttributes */,
				21D7125722C184D000D62E4E /* SwiftPackage */,
			);
			productName = Sample;
			productReference = 21D7121422C17DAD00D62E4E /* Sample.app */;
			productType = "com.apple.product-type.application";
		};
		21D7122922C17DAE00D62E4E /* SampleTests */ = {
			isa = PBXNativeTarget;
			buildConfigurationList = 21D7123622C17DAF00D62E4E /* Build configuration list for PBXNativeTarget "SampleTests" */;
			buildPhases = (
				21D7122622C17DAE00D62E4E /* Sources */,
				21D7122722C17DAE00D62E4E /* Frameworks */,
				21D7122822C17DAE00D62E4E /* Resources */,
			);
			buildRules = (
			);
			dependencies = (
				21D7122C22C17DAE00D62E4E /* PBXTargetDependency */,
			);
			name = SampleTests;
			productName = SampleTests;
			productReference = 21D7122A22C17DAE00D62E4E /* SampleTests.xctest */;
			productType = "com.apple.product-type.bundle.unit-test";
		};
/* End PBXNativeTarget section */

/* Begin PBXProject section */
		21D7120C22C17DAD00D62E4E /* Project object */ = {
			isa = PBXProject;
			attributes = {
				LastSwiftUpdateCheck = 1100;
				LastUpgradeCheck = 1100;
				ORGANIZATIONNAME = BAiOS;
				TargetAttributes = {
					21D7121322C17DAD00D62E4E = {
						CreatedOnToolsVersion = 11.0;
					};
					21D7122922C17DAE00D62E4E = {
						CreatedOnToolsVersion = 11.0;
						TestTargetID = 21D7121322C17DAD00D62E4E;
					};
				};
			};
			buildConfigurationList = 21D7120F22C17DAD00D62E4E /* Build configuration list for PBXProject "Sample" */;
			compatibilityVersion = "Xcode 9.3";
			developmentRegion = en;
			hasScannedForEncodings = 0;
			knownRegions = (
				en,
				Base,
			);
			mainGroup = 21D7120B22C17DAD00D62E4E;
			packageReferences = (
				21D7125422C1830E00D62E4E /* XCRemoteSwiftPackageReference "TextAttributes" */,
			);
			productRefGroup = 21D7121522C17DAD00D62E4E /* Products */;
			projectDirPath = "";
			projectRoot = "";
			targets = (
				21D7121322C17DAD00D62E4E /* Sample */,
				21D7122922C17DAE00D62E4E /* SampleTests */,
			);
		};
/* End PBXProject section */

/* Begin PBXResourcesBuildPhase section */
		21D7121222C17DAD00D62E4E /* Resources */ = {
			isa = PBXResourcesBuildPhase;
			buildActionMask = 2147483647;
			files = (
				21D7122422C17DAE00D62E4E /* LaunchScreen.storyboard in Resources */,
				21D7122122C17DAE00D62E4E /* Assets.xcassets in Resources */,
				21D7121F22C17DAD00D62E4E /* Main.storyboard in Resources */,
			);
			runOnlyForDeploymentPostprocessing = 0;
		};
		21D7122822C17DAE00D62E4E /* Resources */ = {
			isa = PBXResourcesBuildPhase;
			buildActionMask = 2147483647;
			files = (
			);
			runOnlyForDeploymentPostprocessing = 0;
		};
/* End PBXResourcesBuildPhase section */

/* Begin PBXSourcesBuildPhase section */
		21D7121022C17DAD00D62E4E /* Sources */ = {
			isa = PBXSourcesBuildPhase;
			buildActionMask = 2147483647;
			files = (
				21D7121C22C17DAD00D62E4E /* ViewController.swift in Sources */,
				21D7121822C17DAD00D62E4E /* AppDelegate.swift in Sources */,
				21D7121A22C17DAD00D62E4E /* SceneDelegate.swift in Sources */,
			);
			runOnlyForDeploymentPostprocessing = 0;
		};
		21D7122622C17DAE00D62E4E /* Sources */ = {
			isa = PBXSourcesBuildPhase;
			buildActionMask = 2147483647;
			files = (
				21D7122F22C17DAF00D62E4E /* SampleTests.swift in Sources */,
			);
			runOnlyForDeploymentPostprocessing = 0;
		};
/* End PBXSourcesBuildPhase section */

/* Begin PBXTargetDependency section */
		21D7122C22C17DAE00D62E4E /* PBXTargetDependency */ = {
			isa = PBXTargetDependency;
			target = 21D7121322C17DAD00D62E4E /* Sample */;
			targetProxy = 21D7122B22C17DAE00D62E4E /* PBXContainerItemProxy */;
		};
/* End PBXTargetDependency section */

/* Begin PBXVariantGroup section */
		21D7121D22C17DAD00D62E4E /* Main.storyboard */ = {
			isa = PBXVariantGroup;
			children = (
				21D7121E22C17DAD00D62E4E /* Base */,
			);
			name = Main.storyboard;
			sourceTree = "<group>";
		};
		21D7122222C17DAE00D62E4E /* LaunchScreen.storyboard */ = {
			isa = PBXVariantGroup;
			children = (
				21D7122322C17DAE00D62E4E /* Base */,
			);
			name = LaunchScreen.storyboard;
			sourceTree = "<group>";
		};
/* End PBXVariantGroup section */

/* Begin XCBuildConfiguration section */
		21D7123122C17DAF00D62E4E /* Debug */ = {
			isa = XCBuildConfiguration;
			baseConfigurationReference = 21EB00D922E45FDC00AD9B3F /* XCFrameworks.xcconfig */;
			buildSettings = {
				ALWAYS_SEARCH_USER_PATHS = NO;
				CLANG_ANALYZER_NONNULL = YES;
				CLANG_ANALYZER_NUMBER_OBJECT_CONVERSION = YES_AGGRESSIVE;
				CLANG_CXX_LANGUAGE_STANDARD = "gnu++14";
				CLANG_CXX_LIBRARY = "libc++";
				CLANG_ENABLE_MODULES = YES;
				CLANG_ENABLE_OBJC_ARC = YES;
				CLANG_ENABLE_OBJC_WEAK = YES;
				CLANG_WARN_BLOCK_CAPTURE_AUTORELEASING = YES;
				CLANG_WARN_BOOL_CONVERSION = YES;
				CLANG_WARN_COMMA = YES;
				CLANG_WARN_CONSTANT_CONVERSION = YES;
				CLANG_WARN_DEPRECATED_OBJC_IMPLEMENTATIONS = YES;
				CLANG_WARN_DIRECT_OBJC_ISA_USAGE = YES_ERROR;
				CLANG_WARN_DOCUMENTATION_COMMENTS = YES;
				CLANG_WARN_EMPTY_BODY = YES;
				CLANG_WARN_ENUM_CONVERSION = YES;
				CLANG_WARN_INFINITE_RECURSION = YES;
				CLANG_WARN_INT_CONVERSION = YES;
				CLANG_WARN_NON_LITERAL_NULL_CONVERSION = YES;
				CLANG_WARN_OBJC_IMPLICIT_RETAIN_SELF = YES;
				CLANG_WARN_OBJC_LITERAL_CONVERSION = YES;
				CLANG_WARN_OBJC_ROOT_CLASS = YES_ERROR;
				CLANG_WARN_RANGE_LOOP_ANALYSIS = YES;
				CLANG_WARN_STRICT_PROTOTYPES = YES;
				CLANG_WARN_SUSPICIOUS_MOVE = YES;
				CLANG_WARN_UNGUARDED_AVAILABILITY = YES_AGGRESSIVE;
				CLANG_WARN_UNREACHABLE_CODE = YES;
				CLANG_WARN__DUPLICATE_METHOD_MATCH = YES;
				COPY_PHASE_STRIP = NO;
				DEBUG_INFORMATION_FORMAT = dwarf;
				ENABLE_STRICT_OBJC_MSGSEND = YES;
				ENABLE_TESTABILITY = YES;
				GCC_C_LANGUAGE_STANDARD = gnu11;
				GCC_DYNAMIC_NO_PIC = NO;
				GCC_NO_COMMON_BLOCKS = YES;
				GCC_OPTIMIZATION_LEVEL = 0;
				GCC_PREPROCESSOR_DEFINITIONS = (
					"DEBUG=1",
					"$(inherited)",
				);
				GCC_WARN_64_TO_32_BIT_CONVERSION = YES;
				GCC_WARN_ABOUT_RETURN_TYPE = YES_ERROR;
				GCC_WARN_UNDECLARED_SELECTOR = YES;
				GCC_WARN_UNINITIALIZED_AUTOS = YES_AGGRESSIVE;
				GCC_WARN_UNUSED_FUNCTION = YES;
				GCC_WARN_UNUSED_VARIABLE = YES;
				IPHONEOS_DEPLOYMENT_TARGET = 12.0;
				MTL_ENABLE_DEBUG_INFO = INCLUDE_SOURCE;
				MTL_FAST_MATH = YES;
				ONLY_ACTIVE_ARCH = YES;
				SDKROOT = iphoneos;
				SWIFT_ACTIVE_COMPILATION_CONDITIONS = DEBUG;
				SWIFT_OPTIMIZATION_LEVEL = "-Onone";
			};
			name = Debug;
		};
		21D7123222C17DAF00D62E4E /* Release */ = {
			isa = XCBuildConfiguration;
			baseConfigurationReference = 21EB00D922E45FDC00AD9B3F /* XCFrameworks.xcconfig */;
			buildSettings = {
				ALWAYS_SEARCH_USER_PATHS = NO;
				CLANG_ANALYZER_NONNULL = YES;
				CLANG_ANALYZER_NUMBER_OBJECT_CONVERSION = YES_AGGRESSIVE;
				CLANG_CXX_LANGUAGE_STANDARD = "gnu++14";
				CLANG_CXX_LIBRARY = "libc++";
				CLANG_ENABLE_MODULES = YES;
				CLANG_ENABLE_OBJC_ARC = YES;
				CLANG_ENABLE_OBJC_WEAK = YES;
				CLANG_WARN_BLOCK_CAPTURE_AUTORELEASING = YES;
				CLANG_WARN_BOOL_CONVERSION = YES;
				CLANG_WARN_COMMA = YES;
				CLANG_WARN_CONSTANT_CONVERSION = YES;
				CLANG_WARN_DEPRECATED_OBJC_IMPLEMENTATIONS = YES;
				CLANG_WARN_DIRECT_OBJC_ISA_USAGE = YES_ERROR;
				CLANG_WARN_DOCUMENTATION_COMMENTS = YES;
				CLANG_WARN_EMPTY_BODY = YES;
				CLANG_WARN_ENUM_CONVERSION = YES;
				CLANG_WARN_INFINITE_RECURSION = YES;
				CLANG_WARN_INT_CONVERSION = YES;
				CLANG_WARN_NON_LITERAL_NULL_CONVERSION = YES;
				CLANG_WARN_OBJC_IMPLICIT_RETAIN_SELF = YES;
				CLANG_WARN_OBJC_LITERAL_CONVERSION = YES;
				CLANG_WARN_OBJC_ROOT_CLASS = YES_ERROR;
				CLANG_WARN_RANGE_LOOP_ANALYSIS = YES;
				CLANG_WARN_STRICT_PROTOTYPES = YES;
				CLANG_WARN_SUSPICIOUS_MOVE = YES;
				CLANG_WARN_UNGUARDED_AVAILABILITY = YES_AGGRESSIVE;
				CLANG_WARN_UNREACHABLE_CODE = YES;
				CLANG_WARN__DUPLICATE_METHOD_MATCH = YES;
				COPY_PHASE_STRIP = NO;
				DEBUG_INFORMATION_FORMAT = "dwarf-with-dsym";
				ENABLE_NS_ASSERTIONS = NO;
				ENABLE_STRICT_OBJC_MSGSEND = YES;
				GCC_C_LANGUAGE_STANDARD = gnu11;
				GCC_NO_COMMON_BLOCKS = YES;
				GCC_WARN_64_TO_32_BIT_CONVERSION = YES;
				GCC_WARN_ABOUT_RETURN_TYPE = YES_ERROR;
				GCC_WARN_UNDECLARED_SELECTOR = YES;
				GCC_WARN_UNINITIALIZED_AUTOS = YES_AGGRESSIVE;
				GCC_WARN_UNUSED_FUNCTION = YES;
				GCC_WARN_UNUSED_VARIABLE = YES;
				IPHONEOS_DEPLOYMENT_TARGET = 12.0;
				MTL_ENABLE_DEBUG_INFO = NO;
				MTL_FAST_MATH = YES;
				SDKROOT = iphoneos;
				SWIFT_COMPILATION_MODE = wholemodule;
				SWIFT_OPTIMIZATION_LEVEL = "-O";
				VALIDATE_PRODUCT = YES;
			};
			name = Release;
		};
		21D7123422C17DAF00D62E4E /* Debug */ = {
			isa = XCBuildConfiguration;
			baseConfigurationReference = 21EB00D922E45FDC00AD9B3F /* XCFrameworks.xcconfig */;
			buildSettings = {
				ASSETCATALOG_COMPILER_APPICON_NAME = AppIcon;
				CODE_SIGN_STYLE = Automatic;
				DERIVE_MACCATALYST_PRODUCT_BUNDLE_IDENTIFIER = YES;
				DEVELOPMENT_TEAM = QP4PF9Z9YL;
				INFOPLIST_FILE = Sample/Info.plist;
				LD_RUNPATH_SEARCH_PATHS = (
					"$(inherited)",
					"@executable_path/Frameworks",
				);
				PRODUCT_BUNDLE_IDENTIFIER = com.bielikb.XCFrameworks;
				PRODUCT_NAME = "$(TARGET_NAME)";
				SUPPORTS_MACCATALYST = YES;
				SWIFT_VERSION = 5.0;
				TARGETED_DEVICE_FAMILY = "1,2";
			};
			name = Debug;
		};
		21D7123522C17DAF00D62E4E /* Release */ = {
			isa = XCBuildConfiguration;
			baseConfigurationReference = 21EB00D922E45FDC00AD9B3F /* XCFrameworks.xcconfig */;
			buildSettings = {
				ASSETCATALOG_COMPILER_APPICON_NAME = AppIcon;
				CODE_SIGN_STYLE = Automatic;
				DERIVE_MACCATALYST_PRODUCT_BUNDLE_IDENTIFIER = YES;
				DEVELOPMENT_TEAM = QP4PF9Z9YL;
				INFOPLIST_FILE = Sample/Info.plist;
				LD_RUNPATH_SEARCH_PATHS = (
					"$(inherited)",
					"@executable_path/Frameworks",
				);
				PRODUCT_BUNDLE_IDENTIFIER = com.bielikb.XCFrameworks;
				PRODUCT_NAME = "$(TARGET_NAME)";
				SUPPORTS_MACCATALYST = YES;
				SWIFT_VERSION = 5.0;
				TARGETED_DEVICE_FAMILY = "1,2";
			};
			name = Release;
		};
		21D7123722C17DAF00D62E4E /* Debug */ = {
			isa = XCBuildConfiguration;
			baseConfigurationReference = 21EB00D922E45FDC00AD9B3F /* XCFrameworks.xcconfig */;
			buildSettings = {
				ALWAYS_EMBED_SWIFT_STANDARD_LIBRARIES = YES;
				BUNDLE_LOADER = "$(TEST_HOST)";
				CODE_SIGN_STYLE = Automatic;
				DEVELOPMENT_TEAM = QP4PF9Z9YL;
				INFOPLIST_FILE = SampleTests/Info.plist;
				LD_RUNPATH_SEARCH_PATHS = (
					"$(inherited)",
					"@executable_path/Frameworks",
					"@loader_path/Frameworks",
				);
				PRODUCT_BUNDLE_IDENTIFIER = com.baios.dynamicFramework.SampleTests;
				PRODUCT_NAME = "$(TARGET_NAME)";
				SWIFT_VERSION = 5.0;
				TARGETED_DEVICE_FAMILY = "1,2";
				TEST_HOST = "$(BUILT_PRODUCTS_DIR)/Sample.app/Sample";
			};
			name = Debug;
		};
		21D7123822C17DAF00D62E4E /* Release */ = {
			isa = XCBuildConfiguration;
			baseConfigurationReference = 21EB00D922E45FDC00AD9B3F /* XCFrameworks.xcconfig */;
			buildSettings = {
				ALWAYS_EMBED_SWIFT_STANDARD_LIBRARIES = YES;
				BUNDLE_LOADER = "$(TEST_HOST)";
				CODE_SIGN_STYLE = Automatic;
				DEVELOPMENT_TEAM = QP4PF9Z9YL;
				INFOPLIST_FILE = SampleTests/Info.plist;
				LD_RUNPATH_SEARCH_PATHS = (
					"$(inherited)",
					"@executable_path/Frameworks",
					"@loader_path/Frameworks",
				);
				PRODUCT_BUNDLE_IDENTIFIER = com.baios.dynamicFramework.SampleTests;
				PRODUCT_NAME = "$(TARGET_NAME)";
				SWIFT_VERSION = 5.0;
				TARGETED_DEVICE_FAMILY = "1,2";
				TEST_HOST = "$(BUILT_PRODUCTS_DIR)/Sample.app/Sample";
			};
			name = Release;
		};
/* End XCBuildConfiguration section */

/* Begin XCConfigurationList section */
		21D7120F22C17DAD00D62E4E /* Build configuration list for PBXProject "Sample" */ = {
			isa = XCConfigurationList;
			buildConfigurations = (
				21D7123122C17DAF00D62E4E /* Debug */,
				21D7123222C17DAF00D62E4E /* Release */,
			);
			defaultConfigurationIsVisible = 0;
			defaultConfigurationName = Release;
		};
		21D7123322C17DAF00D62E4E /* Build configuration list for PBXNativeTarget "Sample" */ = {
			isa = XCConfigurationList;
			buildConfigurations = (
				21D7123422C17DAF00D62E4E /* Debug */,
				21D7123522C17DAF00D62E4E /* Release */,
			);
			defaultConfigurationIsVisible = 0;
			defaultConfigurationName = Release;
		};
		21D7123622C17DAF00D62E4E /* Build configuration list for PBXNativeTarget "SampleTests" */ = {
			isa = XCConfigurationList;
			buildConfigurations = (
				21D7123722C17DAF00D62E4E /* Debug */,
				21D7123822C17DAF00D62E4E /* Release */,
			);
			defaultConfigurationIsVisible = 0;
			defaultConfigurationName = Release;
		};
/* End XCConfigurationList section */

/* Begin XCRemoteSwiftPackageReference section */
		21D7125422C1830E00D62E4E /* XCRemoteSwiftPackageReference "TextAttributes" */ = {
			isa = XCRemoteSwiftPackageReference;
			repositoryURL = "git@github.com:bielikb/TextAttributes.git";
			requirement = {
				kind = upToNextMajorVersion;
				minimumVersion = 2.0.1;
			};
		};
/* End XCRemoteSwiftPackageReference section */

/* Begin XCSwiftPackageProductDependency section */
		21D7125522C1830E00D62E4E /* TextAttributes */ = {
			isa = XCSwiftPackageProductDependency;
			package = 21D7125422C1830E00D62E4E /* XCRemoteSwiftPackageReference "TextAttributes" */;
			productName = TextAttributes;
		};
		21D7125722C184D000D62E4E /* SwiftPackage */ = {
			isa = XCSwiftPackageProductDependency;
			productName = SwiftPackage;
		};
/* End XCSwiftPackageProductDependency section */
	};
	rootObject = 21D7120C22C17DAD00D62E4E /* Project object */;
}
