// !$*UTF8*$!
{
	archiveVersion = 1;
	classes = {
	};
	objectVersion = 52;
	objects = {

/* Begin PBXBuildFile section */
		21D711F822C1762800D62E4E /* DynamicFramework.framework in Frameworks */ = {isa = PBXBuildFile; fileRef = 21D711EE22C1762800D62E4E /* DynamicFramework.framework */; };
		21D711FD22C1762800D62E4E /* DynamicFrameworkTests.swift in Sources */ = {isa = PBXBuildFile; fileRef = 21D711FC22C1762800D62E4E /* DynamicFrameworkTests.swift */; };
		21D711FF22C1762800D62E4E /* DynamicFramework.h in Headers */ = {isa = PBXBuildFile; fileRef = 21D711F122C1762800D62E4E /* DynamicFramework.h */; settings = {ATTRIBUTES = (Public, ); }; };
		21D7120922C179A500D62E4E /* Sum.swift in Sources */ = {isa = PBXBuildFile; fileRef = 21D7120822C179A500D62E4E /* Sum.swift */; };
		21D7125C22C185AF00D62E4E /* Package in Frameworks */ = {isa = PBXBuildFile; productRef = 21D7125B22C185AF00D62E4E /* Package */; };
/* End PBXBuildFile section */

/* Begin PBXContainerItemProxy section */
		21D711F922C1762800D62E4E /* PBXContainerItemProxy */ = {
			isa = PBXContainerItemProxy;
			containerPortal = 21D711E522C1762800D62E4E /* Project object */;
			proxyType = 1;
			remoteGlobalIDString = 21D711ED22C1762800D62E4E;
			remoteInfo = DynamicFramework;
		};
/* End PBXContainerItemProxy section */

/* Begin PBXFileReference section */
		21D711EE22C1762800D62E4E /* DynamicFramework.framework */ = {isa = PBXFileReference; explicitFileType = wrapper.framework; includeInIndex = 0; path = DynamicFramework.framework; sourceTree = BUILT_PRODUCTS_DIR; };
		21D711F122C1762800D62E4E /* DynamicFramework.h */ = {isa = PBXFileReference; lastKnownFileType = sourcecode.c.h; path = DynamicFramework.h; sourceTree = "<group>"; };
		21D711F222C1762800D62E4E /* Info.plist */ = {isa = PBXFileReference; lastKnownFileType = text.plist.xml; path = Info.plist; sourceTree = "<group>"; };
		21D711F722C1762800D62E4E /* DynamicFrameworkTests.xctest */ = {isa = PBXFileReference; explicitFileType = wrapper.cfbundle; includeInIndex = 0; path = DynamicFrameworkTests.xctest; sourceTree = BUILT_PRODUCTS_DIR; };
		21D711FC22C1762800D62E4E /* DynamicFrameworkTests.swift */ = {isa = PBXFileReference; lastKnownFileType = sourcecode.swift; path = DynamicFrameworkTests.swift; sourceTree = "<group>"; };
		21D711FE22C1762800D62E4E /* Info.plist */ = {isa = PBXFileReference; lastKnownFileType = text.plist.xml; path = Info.plist; sourceTree = "<group>"; };
		21D7120822C179A500D62E4E /* Sum.swift */ = {isa = PBXFileReference; lastKnownFileType = sourcecode.swift; path = Sum.swift; sourceTree = "<group>"; };
		21D7120A22C17A6700D62E4E /* Package */ = {isa = PBXFileReference; lastKnownFileType = folder; name = Package; path = ../../Package; sourceTree = "<group>"; };
		21EB00D822E45FD200AD9B3F /* XCFrameworks.xcconfig */ = {isa = PBXFileReference; lastKnownFileType = text.xcconfig; name = XCFrameworks.xcconfig; path = ../XCFrameworks.xcconfig; sourceTree = "<group>"; };
/* End PBXFileReference section */

/* Begin PBXFrameworksBuildPhase section */
		21D711EB22C1762800D62E4E /* Frameworks */ = {
			isa = PBXFrameworksBuildPhase;
			buildActionMask = 2147483647;
			files = (
				21D7125C22C185AF00D62E4E /* Package in Frameworks */,
			);
			runOnlyForDeploymentPostprocessing = 0;
		};
		21D711F422C1762800D62E4E /* Frameworks */ = {
			isa = PBXFrameworksBuildPhase;
			buildActionMask = 2147483647;
			files = (
				21D711F822C1762800D62E4E /* DynamicFramework.framework in Frameworks */,
			);
			runOnlyForDeploymentPostprocessing = 0;
		};
/* End PBXFrameworksBuildPhase section */

/* Begin PBXGroup section */
		21D711E422C1762800D62E4E = {
			isa = PBXGroup;
			children = (
				21EB00D822E45FD200AD9B3F /* XCFrameworks.xcconfig */,
				21D711F022C1762800D62E4E /* DynamicFramework */,
				21D711FB22C1762800D62E4E /* DynamicFrameworkTests */,
				21D711EF22C1762800D62E4E /* Products */,
				21D7125A22C185AF00D62E4E /* Frameworks */,
			);
			sourceTree = "<group>";
		};
		21D711EF22C1762800D62E4E /* Products */ = {
			isa = PBXGroup;
			children = (
				21D711EE22C1762800D62E4E /* DynamicFramework.framework */,
				21D711F722C1762800D62E4E /* DynamicFrameworkTests.xctest */,
			);
			name = Products;
			sourceTree = "<group>";
		};
		21D711F022C1762800D62E4E /* DynamicFramework */ = {
			isa = PBXGroup;
			children = (
				21D7120A22C17A6700D62E4E /* Package */,
				21D7120822C179A500D62E4E /* Sum.swift */,
				21D711F122C1762800D62E4E /* DynamicFramework.h */,
				21D711F222C1762800D62E4E /* Info.plist */,
			);
			path = DynamicFramework;
			sourceTree = "<group>";
		};
		21D711FB22C1762800D62E4E /* DynamicFrameworkTests */ = {
			isa = PBXGroup;
			children = (
				21D711FC22C1762800D62E4E /* DynamicFrameworkTests.swift */,
				21D711FE22C1762800D62E4E /* Info.plist */,
			);
			path = DynamicFrameworkTests;
			sourceTree = "<group>";
		};
		21D7125A22C185AF00D62E4E /* Frameworks */ = {
			isa = PBXGroup;
			children = (
			);
			name = Frameworks;
			sourceTree = "<group>";
		};
/* End PBXGroup section */

/* Begin PBXHeadersBuildPhase section */
		21D711E922C1762800D62E4E /* Headers */ = {
			isa = PBXHeadersBuildPhase;
			buildActionMask = 2147483647;
			files = (
				21D711FF22C1762800D62E4E /* DynamicFramework.h in Headers */,
			);
			runOnlyForDeploymentPostprocessing = 0;
		};
/* End PBXHeadersBuildPhase section */

/* Begin PBXNativeTarget section */
		21D711ED22C1762800D62E4E /* DynamicFramework */ = {
			isa = PBXNativeTarget;
			buildConfigurationList = 21D7120222C1762800D62E4E /* Build configuration list for PBXNativeTarget "DynamicFramework" */;
			buildPhases = (
				21D711E922C1762800D62E4E /* Headers */,
				21D711EA22C1762800D62E4E /* Sources */,
				21D711EB22C1762800D62E4E /* Frameworks */,
				21D711EC22C1762800D62E4E /* Resources */,
			);
			buildRules = (
			);
			dependencies = (
			);
			name = DynamicFramework;
			packageProductDependencies = (
				21D7125B22C185AF00D62E4E /* Package */,
			);
			productName = DynamicFramework;
			productReference = 21D711EE22C1762800D62E4E /* DynamicFramework.framework */;
			productType = "com.apple.product-type.framework";
		};
		21D711F622C1762800D62E4E /* DynamicFrameworkTests */ = {
			isa = PBXNativeTarget;
			buildConfigurationList = 21D7120522C1762800D62E4E /* Build configuration list for PBXNativeTarget "DynamicFrameworkTests" */;
			buildPhases = (
				21D711F322C1762800D62E4E /* Sources */,
				21D711F422C1762800D62E4E /* Frameworks */,
				21D711F522C1762800D62E4E /* Resources */,
			);
			buildRules = (
			);
			dependencies = (
				21D711FA22C1762800D62E4E /* PBXTargetDependency */,
			);
			name = DynamicFrameworkTests;
			productName = DynamicFrameworkTests;
			productReference = 21D711F722C1762800D62E4E /* DynamicFrameworkTests.xctest */;
			productType = "com.apple.product-type.bundle.unit-test";
		};
/* End PBXNativeTarget section */

/* Begin PBXProject section */
		21D711E522C1762800D62E4E /* Project object */ = {
			isa = PBXProject;
			attributes = {
				LastSwiftUpdateCheck = 1100;
				LastUpgradeCheck = 1100;
				ORGANIZATIONNAME = BAiOS;
				TargetAttributes = {
					21D711ED22C1762800D62E4E = {
						CreatedOnToolsVersion = 11.0;
						LastSwiftMigration = 1100;
					};
					21D711F622C1762800D62E4E = {
						CreatedOnToolsVersion = 11.0;
					};
				};
			};
			buildConfigurationList = 21D711E822C1762800D62E4E /* Build configuration list for PBXProject "DynamicFramework" */;
			compatibilityVersion = "Xcode 9.3";
			developmentRegion = en;
			hasScannedForEncodings = 0;
			knownRegions = (
				en,
				Base,
			);
			mainGroup = 21D711E422C1762800D62E4E;
			productRefGroup = 21D711EF22C1762800D62E4E /* Products */;
			projectDirPath = "";
			projectRoot = "";
			targets = (
				21D711ED22C1762800D62E4E /* DynamicFramework */,
				21D711F622C1762800D62E4E /* DynamicFrameworkTests */,
			);
		};
/* End PBXProject section */

/* Begin PBXResourcesBuildPhase section */
		21D711EC22C1762800D62E4E /* Resources */ = {
			isa = PBXResourcesBuildPhase;
			buildActionMask = 2147483647;
			files = (
			);
			runOnlyForDeploymentPostprocessing = 0;
		};
		21D711F522C1762800D62E4E /* Resources */ = {
			isa = PBXResourcesBuildPhase;
			buildActionMask = 2147483647;
			files = (
			);
			runOnlyForDeploymentPostprocessing = 0;
		};
/* End PBXResourcesBuildPhase section */

/* Begin PBXSourcesBuildPhase section */
		21D711EA22C1762800D62E4E /* Sources */ = {
			isa = PBXSourcesBuildPhase;
			buildActionMask = 2147483647;
			files = (
				21D7120922C179A500D62E4E /* Sum.swift in Sources */,
			);
			runOnlyForDeploymentPostprocessing = 0;
		};
		21D711F322C1762800D62E4E /* Sources */ = {
			isa = PBXSourcesBuildPhase;
			buildActionMask = 2147483647;
			files = (
				21D711FD22C1762800D62E4E /* DynamicFrameworkTests.swift in Sources */,
			);
			runOnlyForDeploymentPostprocessing = 0;
		};
/* End PBXSourcesBuildPhase section */

/* Begin PBXTargetDependency section */
		21D711FA22C1762800D62E4E /* PBXTargetDependency */ = {
			isa = PBXTargetDependency;
			target = 21D711ED22C1762800D62E4E /* DynamicFramework */;
			targetProxy = 21D711F922C1762800D62E4E /* PBXContainerItemProxy */;
		};
/* End PBXTargetDependency section */

/* Begin XCBuildConfiguration section */
		21D7120022C1762800D62E4E /* Debug */ = {
			isa = XCBuildConfiguration;
			baseConfigurationReference = 21EB00D822E45FD200AD9B3F /* XCFrameworks.xcconfig */;
			buildSettings = {
				ALWAYS_SEARCH_USER_PATHS = NO;
				CLANG_ANALYZER_NONNULL = YES;
				CLANG_ANALYZER_NUMBER_OBJECT_CONVERSION = YES_AGGRESSIVE;
				CLANG_CXX_LANGUAGE_STANDARD = "gnu++14";
				CLANG_CXX_LIBRARY = "libc++";
				CLANG_ENABLE_MODULES = YES;
				CLANG_ENABLE_OBJC_ARC = YES;
				CLANG_ENABLE_OBJC_WEAK = YES;
				CLANG_WARN_BLOCK_CAPTURE_AUTORELEASING = YES;
				CLANG_WARN_BOOL_CONVERSION = YES;
				CLANG_WARN_COMMA = YES;
				CLANG_WARN_CONSTANT_CONVERSION = YES;
				CLANG_WARN_DEPRECATED_OBJC_IMPLEMENTATIONS = YES;
				CLANG_WARN_DIRECT_OBJC_ISA_USAGE = YES_ERROR;
				CLANG_WARN_DOCUMENTATION_COMMENTS = YES;
				CLANG_WARN_EMPTY_BODY = YES;
				CLANG_WARN_ENUM_CONVERSION = YES;
				CLANG_WARN_INFINITE_RECURSION = YES;
				CLANG_WARN_INT_CONVERSION = YES;
				CLANG_WARN_NON_LITERAL_NULL_CONVERSION = YES;
				CLANG_WARN_OBJC_IMPLICIT_RETAIN_SELF = YES;
				CLANG_WARN_OBJC_LITERAL_CONVERSION = YES;
				CLANG_WARN_OBJC_ROOT_CLASS = YES_ERROR;
				CLANG_WARN_RANGE_LOOP_ANALYSIS = YES;
				CLANG_WARN_STRICT_PROTOTYPES = YES;
				CLANG_WARN_SUSPICIOUS_MOVE = YES;
				CLANG_WARN_UNGUARDED_AVAILABILITY = YES_AGGRESSIVE;
				CLANG_WARN_UNREACHABLE_CODE = YES;
				CLANG_WARN__DUPLICATE_METHOD_MATCH = YES;
				COPY_PHASE_STRIP = NO;
				CURRENT_PROJECT_VERSION = 1;
				DEBUG_INFORMATION_FORMAT = dwarf;
				ENABLE_STRICT_OBJC_MSGSEND = YES;
				ENABLE_TESTABILITY = YES;
				GCC_C_LANGUAGE_STANDARD = gnu11;
				GCC_DYNAMIC_NO_PIC = NO;
				GCC_NO_COMMON_BLOCKS = YES;
				GCC_OPTIMIZATION_LEVEL = 0;
				GCC_PREPROCESSOR_DEFINITIONS = (
					"DEBUG=1",
					"$(inherited)",
				);
				GCC_WARN_64_TO_32_BIT_CONVERSION = YES;
				GCC_WARN_ABOUT_RETURN_TYPE = YES_ERROR;
				GCC_WARN_UNDECLARED_SELECTOR = YES;
				GCC_WARN_UNINITIALIZED_AUTOS = YES_AGGRESSIVE;
				GCC_WARN_UNUSED_FUNCTION = YES;
				GCC_WARN_UNUSED_VARIABLE = YES;
				IPHONEOS_DEPLOYMENT_TARGET = 12.0;
				MTL_ENABLE_DEBUG_INFO = INCLUDE_SOURCE;
				MTL_FAST_MATH = YES;
				ONLY_ACTIVE_ARCH = YES;
				SDKROOT = iphoneos;
				SWIFT_ACTIVE_COMPILATION_CONDITIONS = DEBUG;
				SWIFT_OPTIMIZATION_LEVEL = "-Onone";
				VERSIONING_SYSTEM = "apple-generic";
				VERSION_INFO_PREFIX = "";
			};
			name = Debug;
		};
		21D7120122C1762800D62E4E /* Release */ = {
			isa = XCBuildConfiguration;
			baseConfigurationReference = 21EB00D822E45FD200AD9B3F /* XCFrameworks.xcconfig */;
			buildSettings = {
				ALWAYS_SEARCH_USER_PATHS = NO;
				CLANG_ANALYZER_NONNULL = YES;
				CLANG_ANALYZER_NUMBER_OBJECT_CONVERSION = YES_AGGRESSIVE;
				CLANG_CXX_LANGUAGE_STANDARD = "gnu++14";
				CLANG_CXX_LIBRARY = "libc++";
				CLANG_ENABLE_MODULES = YES;
				CLANG_ENABLE_OBJC_ARC = YES;
				CLANG_ENABLE_OBJC_WEAK = YES;
				CLANG_WARN_BLOCK_CAPTURE_AUTORELEASING = YES;
				CLANG_WARN_BOOL_CONVERSION = YES;
				CLANG_WARN_COMMA = YES;
				CLANG_WARN_CONSTANT_CONVERSION = YES;
				CLANG_WARN_DEPRECATED_OBJC_IMPLEMENTATIONS = YES;
				CLANG_WARN_DIRECT_OBJC_ISA_USAGE = YES_ERROR;
				CLANG_WARN_DOCUMENTATION_COMMENTS = YES;
				CLANG_WARN_EMPTY_BODY = YES;
				CLANG_WARN_ENUM_CONVERSION = YES;
				CLANG_WARN_INFINITE_RECURSION = YES;
				CLANG_WARN_INT_CONVERSION = YES;
				CLANG_WARN_NON_LITERAL_NULL_CONVERSION = YES;
				CLANG_WARN_OBJC_IMPLICIT_RETAIN_SELF = YES;
				CLANG_WARN_OBJC_LITERAL_CONVERSION = YES;
				CLANG_WARN_OBJC_ROOT_CLASS = YES_ERROR;
				CLANG_WARN_RANGE_LOOP_ANALYSIS = YES;
				CLANG_WARN_STRICT_PROTOTYPES = YES;
				CLANG_WARN_SUSPICIOUS_MOVE = YES;
				CLANG_WARN_UNGUARDED_AVAILABILITY = YES_AGGRESSIVE;
				CLANG_WARN_UNREACHABLE_CODE = YES;
				CLANG_WARN__DUPLICATE_METHOD_MATCH = YES;
				COPY_PHASE_STRIP = NO;
				CURRENT_PROJECT_VERSION = 1;
				DEBUG_INFORMATION_FORMAT = "dwarf-with-dsym";
				ENABLE_NS_ASSERTIONS = NO;
				ENABLE_STRICT_OBJC_MSGSEND = YES;
				GCC_C_LANGUAGE_STANDARD = gnu11;
				GCC_NO_COMMON_BLOCKS = YES;
				GCC_WARN_64_TO_32_BIT_CONVERSION = YES;
				GCC_WARN_ABOUT_RETURN_TYPE = YES_ERROR;
				GCC_WARN_UNDECLARED_SELECTOR = YES;
				GCC_WARN_UNINITIALIZED_AUTOS = YES_AGGRESSIVE;
				GCC_WARN_UNUSED_FUNCTION = YES;
				GCC_WARN_UNUSED_VARIABLE = YES;
				IPHONEOS_DEPLOYMENT_TARGET = 12.0;
				MTL_ENABLE_DEBUG_INFO = NO;
				MTL_FAST_MATH = YES;
				SDKROOT = iphoneos;
				SWIFT_COMPILATION_MODE = wholemodule;
				SWIFT_OPTIMIZATION_LEVEL = "-O";
				VALIDATE_PRODUCT = YES;
				VERSIONING_SYSTEM = "apple-generic";
				VERSION_INFO_PREFIX = "";
			};
			name = Release;
		};
		21D7120322C1762800D62E4E /* Debug */ = {
			isa = XCBuildConfiguration;
			baseConfigurationReference = 21EB00D822E45FD200AD9B3F /* XCFrameworks.xcconfig */;
			buildSettings = {
				CLANG_ENABLE_MODULES = YES;
				CODE_SIGN_STYLE = Manual;
				DEFINES_MODULE = NO;
				DEVELOPMENT_TEAM = "";
				DYLIB_COMPATIBILITY_VERSION = 1;
				DYLIB_CURRENT_VERSION = 1;
				DYLIB_INSTALL_NAME_BASE = "@rpath";
				INFOPLIST_FILE = DynamicFramework/Info.plist;
				INSTALL_PATH = "$(LOCAL_LIBRARY_DIR)/Frameworks";
				LD_RUNPATH_SEARCH_PATHS = (
					"$(inherited)",
					"@executable_path/Frameworks",
					"@loader_path/Frameworks",
				);
				PRODUCT_BUNDLE_IDENTIFIER = com.bielikb.DynamicFramework;
				PRODUCT_NAME = "$(TARGET_NAME:c99extidentifier)";
				SKIP_INSTALL = YES;
				SWIFT_INSTALL_OBJC_HEADER = NO;
				SWIFT_OPTIMIZATION_LEVEL = "-Onone";
				SWIFT_VERSION = 5.0;
				TARGETED_DEVICE_FAMILY = "1,2";
			};
			name = Debug;
		};
		21D7120422C1762800D62E4E /* Release */ = {
			isa = XCBuildConfiguration;
			baseConfigurationReference = 21EB00D822E45FD200AD9B3F /* XCFrameworks.xcconfig */;
			buildSettings = {
				CLANG_ENABLE_MODULES = YES;
				CODE_SIGN_STYLE = Manual;
				DEFINES_MODULE = NO;
				DEVELOPMENT_TEAM = "";
				DYLIB_COMPATIBILITY_VERSION = 1;
				DYLIB_CURRENT_VERSION = 1;
				DYLIB_INSTALL_NAME_BASE = "@rpath";
				INFOPLIST_FILE = DynamicFramework/Info.plist;
				INSTALL_PATH = "$(LOCAL_LIBRARY_DIR)/Frameworks";
				LD_RUNPATH_SEARCH_PATHS = (
					"$(inherited)",
					"@executable_path/Frameworks",
					"@loader_path/Frameworks",
				);
				PRODUCT_BUNDLE_IDENTIFIER = com.bielikb.DynamicFramework;
				PRODUCT_NAME = "$(TARGET_NAME:c99extidentifier)";
				SKIP_INSTALL = YES;
				SWIFT_INSTALL_OBJC_HEADER = NO;
				SWIFT_VERSION = 5.0;
				TARGETED_DEVICE_FAMILY = "1,2";
			};
			name = Release;
		};
		21D7120622C1762800D62E4E /* Debug */ = {
			isa = XCBuildConfiguration;
			baseConfigurationReference = 21EB00D822E45FD200AD9B3F /* XCFrameworks.xcconfig */;
			buildSettings = {
				ALWAYS_EMBED_SWIFT_STANDARD_LIBRARIES = YES;
				CODE_SIGN_STYLE = Automatic;
				DEVELOPMENT_TEAM = QP4PF9Z9YL;
				INFOPLIST_FILE = DynamicFrameworkTests/Info.plist;
				LD_RUNPATH_SEARCH_PATHS = (
					"$(inherited)",
					"@executable_path/Frameworks",
					"@loader_path/Frameworks",
				);
				PRODUCT_BUNDLE_IDENTIFIER = com.baios.dynamicFramework.DynamicFrameworkTests;
				PRODUCT_NAME = "$(TARGET_NAME)";
				SWIFT_VERSION = 5.0;
				TARGETED_DEVICE_FAMILY = "1,2";
			};
			name = Debug;
		};
		21D7120722C1762800D62E4E /* Release */ = {
			isa = XCBuildConfiguration;
			baseConfigurationReference = 21EB00D822E45FD200AD9B3F /* XCFrameworks.xcconfig */;
			buildSettings = {
				ALWAYS_EMBED_SWIFT_STANDARD_LIBRARIES = YES;
				CODE_SIGN_STYLE = Automatic;
				DEVELOPMENT_TEAM = QP4PF9Z9YL;
				INFOPLIST_FILE = DynamicFrameworkTests/Info.plist;
				LD_RUNPATH_SEARCH_PATHS = (
					"$(inherited)",
					"@executable_path/Frameworks",
					"@loader_path/Frameworks",
				);
				PRODUCT_BUNDLE_IDENTIFIER = com.baios.dynamicFramework.DynamicFrameworkTests;
				PRODUCT_NAME = "$(TARGET_NAME)";
				SWIFT_VERSION = 5.0;
				TARGETED_DEVICE_FAMILY = "1,2";
			};
			name = Release;
		};
/* End XCBuildConfiguration section */

/* Begin XCConfigurationList section */
		21D711E822C1762800D62E4E /* Build configuration list for PBXProject "DynamicFramework" */ = {
			isa = XCConfigurationList;
			buildConfigurations = (
				21D7120022C1762800D62E4E /* Debug */,
				21D7120122C1762800D62E4E /* Release */,
			);
			defaultConfigurationIsVisible = 0;
			defaultConfigurationName = Release;
		};
		21D7120222C1762800D62E4E /* Build configuration list for PBXNativeTarget "DynamicFramework" */ = {
			isa = XCConfigurationList;
			buildConfigurations = (
				21D7120322C1762800D62E4E /* Debug */,
				21D7120422C1762800D62E4E /* Release */,
			);
			defaultConfigurationIsVisible = 0;
			defaultConfigurationName = Release;
		};
		21D7120522C1762800D62E4E /* Build configuration list for PBXNativeTarget "DynamicFrameworkTests" */ = {
			isa = XCConfigurationList;
			buildConfigurations = (
				21D7120622C1762800D62E4E /* Debug */,
				21D7120722C1762800D62E4E /* Release */,
			);
			defaultConfigurationIsVisible = 0;
			defaultConfigurationName = Release;
		};
/* End XCConfigurationList section */

/* Begin XCSwiftPackageProductDependency section */
		21D7125B22C185AF00D62E4E /* Package */ = {
			isa = XCSwiftPackageProductDependency;
			productName = Package;
		};
/* End XCSwiftPackageProductDependency section */
	};
	rootObject = 21D711E522C1762800D62E4E /* Project object */;
}
